
Microsoft Visual Studio Solution File, Format Version 12.00
# Visual Studio 15
VisualStudioVersion = 15.0.26124.0
MinimumVisualStudioVersion = 15.0.26124.0
Project("{9A19103F-16F7-4668-BE54-9A1E7A4F7556}") = "R5T.Solgene.VS2017.Standard", "R5T.Solgene.VS2017.Standard\R5T.Solgene.VS2017.Standard.csproj", "{BCCEC649-CFDC-44B5-A340-2552268A1831}"
EndProject
Project("{9A19103F-16F7-4668-BE54-9A1E7A4F7556}") = "R5T.Solgene.VS2017.Standard.Testing", "R5T.Solgene.VS2017.Standard.Testing\R5T.Solgene.VS2017.Standard.Testing.csproj", "{F95D6C96-B736-4E91-B8DC-01FD3C30AFE5}"
EndProject
Project("{2150E333-8FDC-42A3-9474-1A3956D46DE8}") = "_Dependencies", "_Dependencies", "{92BE4C6D-C2BB-4E4E-B01C-375A60327CAF}"
EndProject
Project("{9A19103F-16F7-4668-BE54-9A1E7A4F7556}") = "R5T.Solgene.VS2017", "..\..\R5T.Solgene.VS2017\source\R5T.Solgene.VS2017\R5T.Solgene.VS2017.csproj", "{B514ADE8-6706-46EB-8710-1DEB16026610}"
EndProject
Project("{9A19103F-16F7-4668-BE54-9A1E7A4F7556}") = "R5T.Solgene.Base", "..\..\R5T.Solgene.Base\source\R5T.Solgene.Base\R5T.Solgene.Base.csproj", "{88B818F4-9672-4839-955F-A369B592F995}"
EndProject
Project("{9A19103F-16F7-4668-BE54-9A1E7A4F7556}") = "R5T.Cambridge.Types", "..\..\R5T.Cambridge.Types\source\R5T.Cambridge.Types\R5T.Cambridge.Types.csproj", "{F22543E2-8F4F-4A06-8B97-C9A887A696E3}"
EndProject
Project("{9A19103F-16F7-4668-BE54-9A1E7A4F7556}") = "R5T.Dacia.Extensions", "..\..\R5T.Dacia.Extensions\source\R5T.Dacia.Extensions\R5T.Dacia.Extensions.csproj", "{65EC0989-AD1D-4CC3-8927-32857E45CACF}"
EndProject
Project("{9A19103F-16F7-4668-BE54-9A1E7A4F7556}") = "R5T.Dacia", "..\..\R5T.Dacia\source\R5T.Dacia\R5T.Dacia.csproj", "{623DB67A-3C67-4A2F-B866-D9871AB0356E}"
EndProject
Global
	GlobalSection(SolutionConfigurationPlatforms) = preSolution
		Debug|Any CPU = Debug|Any CPU
		Debug|x64 = Debug|x64
		Debug|x86 = Debug|x86
		Release|Any CPU = Release|Any CPU
		Release|x64 = Release|x64
		Release|x86 = Release|x86
	EndGlobalSection
	GlobalSection(ProjectConfigurationPlatforms) = postSolution
		{BCCEC649-CFDC-44B5-A340-2552268A1831}.Debug|Any CPU.ActiveCfg = Debug|Any CPU
		{BCCEC649-CFDC-44B5-A340-2552268A1831}.Debug|Any CPU.Build.0 = Debug|Any CPU
		{BCCEC649-CFDC-44B5-A340-2552268A1831}.Debug|x64.ActiveCfg = Debug|Any CPU
		{BCCEC649-CFDC-44B5-A340-2552268A1831}.Debug|x64.Build.0 = Debug|Any CPU
		{BCCEC649-CFDC-44B5-A340-2552268A1831}.Debug|x86.ActiveCfg = Debug|Any CPU
		{BCCEC649-CFDC-44B5-A340-2552268A1831}.Debug|x86.Build.0 = Debug|Any CPU
		{BCCEC649-CFDC-44B5-A340-2552268A1831}.Release|Any CPU.ActiveCfg = Release|Any CPU
		{BCCEC649-CFDC-44B5-A340-2552268A1831}.Release|Any CPU.Build.0 = Release|Any CPU
		{BCCEC649-CFDC-44B5-A340-2552268A1831}.Release|x64.ActiveCfg = Release|Any CPU
		{BCCEC649-CFDC-44B5-A340-2552268A1831}.Release|x64.Build.0 = Release|Any CPU
		{BCCEC649-CFDC-44B5-A340-2552268A1831}.Release|x86.ActiveCfg = Release|Any CPU
		{BCCEC649-CFDC-44B5-A340-2552268A1831}.Release|x86.Build.0 = Release|Any CPU
		{F95D6C96-B736-4E91-B8DC-01FD3C30AFE5}.Debug|Any CPU.ActiveCfg = Debug|Any CPU
		{F95D6C96-B736-4E91-B8DC-01FD3C30AFE5}.Debug|Any CPU.Build.0 = Debug|Any CPU
		{F95D6C96-B736-4E91-B8DC-01FD3C30AFE5}.Debug|x64.ActiveCfg = Debug|Any CPU
		{F95D6C96-B736-4E91-B8DC-01FD3C30AFE5}.Debug|x64.Build.0 = Debug|Any CPU
		{F95D6C96-B736-4E91-B8DC-01FD3C30AFE5}.Debug|x86.ActiveCfg = Debug|Any CPU
		{F95D6C96-B736-4E91-B8DC-01FD3C30AFE5}.Debug|x86.Build.0 = Debug|Any CPU
		{F95D6C96-B736-4E91-B8DC-01FD3C30AFE5}.Release|Any CPU.ActiveCfg = Release|Any CPU
		{F95D6C96-B736-4E91-B8DC-01FD3C30AFE5}.Release|Any CPU.Build.0 = Release|Any CPU
		{F95D6C96-B736-4E91-B8DC-01FD3C30AFE5}.Release|x64.ActiveCfg = Release|Any CPU
		{F95D6C96-B736-4E91-B8DC-01FD3C30AFE5}.Release|x64.Build.0 = Release|Any CPU
		{F95D6C96-B736-4E91-B8DC-01FD3C30AFE5}.Release|x86.ActiveCfg = Release|Any CPU
		{F95D6C96-B736-4E91-B8DC-01FD3C30AFE5}.Release|x86.Build.0 = Release|Any CPU
		{B514ADE8-6706-46EB-8710-1DEB16026610}.Debug|Any CPU.ActiveCfg = Debug|Any CPU
		{B514ADE8-6706-46EB-8710-1DEB16026610}.Debug|Any CPU.Build.0 = Debug|Any CPU
		{B514ADE8-6706-46EB-8710-1DEB16026610}.Debug|x64.ActiveCfg = Debug|Any CPU
		{B514ADE8-6706-46EB-8710-1DEB16026610}.Debug|x64.Build.0 = Debug|Any CPU
		{B514ADE8-6706-46EB-8710-1DEB16026610}.Debug|x86.ActiveCfg = Debug|Any CPU
		{B514ADE8-6706-46EB-8710-1DEB16026610}.Debug|x86.Build.0 = Debug|Any CPU
		{B514ADE8-6706-46EB-8710-1DEB16026610}.Release|Any CPU.ActiveCfg = Release|Any CPU
		{B514ADE8-6706-46EB-8710-1DEB16026610}.Release|Any CPU.Build.0 = Release|Any CPU
		{B514ADE8-6706-46EB-8710-1DEB16026610}.Release|x64.ActiveCfg = Release|Any CPU
		{B514ADE8-6706-46EB-8710-1DEB16026610}.Release|x64.Build.0 = Release|Any CPU
		{B514ADE8-6706-46EB-8710-1DEB16026610}.Release|x86.ActiveCfg = Release|Any CPU
		{B514ADE8-6706-46EB-8710-1DEB16026610}.Release|x86.Build.0 = Release|Any CPU
		{88B818F4-9672-4839-955F-A369B592F995}.Debug|Any CPU.ActiveCfg = Debug|Any CPU
		{88B818F4-9672-4839-955F-A369B592F995}.Debug|Any CPU.Build.0 = Debug|Any CPU
		{88B818F4-9672-4839-955F-A369B592F995}.Debug|x64.ActiveCfg = Debug|Any CPU
		{88B818F4-9672-4839-955F-A369B592F995}.Debug|x64.Build.0 = Debug|Any CPU
		{88B818F4-9672-4839-955F-A369B592F995}.Debug|x86.ActiveCfg = Debug|Any CPU
		{88B818F4-9672-4839-955F-A369B592F995}.Debug|x86.Build.0 = Debug|Any CPU
		{88B818F4-9672-4839-955F-A369B592F995}.Release|Any CPU.ActiveCfg = Release|Any CPU
		{88B818F4-9672-4839-955F-A369B592F995}.Release|Any CPU.Build.0 = Release|Any CPU
		{88B818F4-9672-4839-955F-A369B592F995}.Release|x64.ActiveCfg = Release|Any CPU
		{88B818F4-9672-4839-955F-A369B592F995}.Release|x64.Build.0 = Release|Any CPU
		{88B818F4-9672-4839-955F-A369B592F995}.Release|x86.ActiveCfg = Release|Any CPU
		{88B818F4-9672-4839-955F-A369B592F995}.Release|x86.Build.0 = Release|Any CPU
		{F22543E2-8F4F-4A06-8B97-C9A887A696E3}.Debug|Any CPU.ActiveCfg = Debug|Any CPU
		{F22543E2-8F4F-4A06-8B97-C9A887A696E3}.Debug|Any CPU.Build.0 = Debug|Any CPU
		{F22543E2-8F4F-4A06-8B97-C9A887A696E3}.Debug|x64.ActiveCfg = Debug|Any CPU
		{F22543E2-8F4F-4A06-8B97-C9A887A696E3}.Debug|x64.Build.0 = Debug|Any CPU
		{F22543E2-8F4F-4A06-8B97-C9A887A696E3}.Debug|x86.ActiveCfg = Debug|Any CPU
		{F22543E2-8F4F-4A06-8B97-C9A887A696E3}.Debug|x86.Build.0 = Debug|Any CPU
		{F22543E2-8F4F-4A06-8B97-C9A887A696E3}.Release|Any CPU.ActiveCfg = Release|Any CPU
		{F22543E2-8F4F-4A06-8B97-C9A887A696E3}.Release|Any CPU.Build.0 = Release|Any CPU
		{F22543E2-8F4F-4A06-8B97-C9A887A696E3}.Release|x64.ActiveCfg = Release|Any CPU
		{F22543E2-8F4F-4A06-8B97-C9A887A696E3}.Release|x64.Build.0 = Release|Any CPU
		{F22543E2-8F4F-4A06-8B97-C9A887A696E3}.Release|x86.ActiveCfg = Release|Any CPU
		{F22543E2-8F4F-4A06-8B97-C9A887A696E3}.Release|x86.Build.0 = Release|Any CPU
		{65EC0989-AD1D-4CC3-8927-32857E45CACF}.Debug|Any CPU.ActiveCfg = Debug|Any CPU
		{65EC0989-AD1D-4CC3-8927-32857E45CACF}.Debug|Any CPU.Build.0 = Debug|Any CPU
		{65EC0989-AD1D-4CC3-8927-32857E45CACF}.Debug|x64.ActiveCfg = Debug|Any CPU
		{65EC0989-AD1D-4CC3-8927-32857E45CACF}.Debug|x64.Build.0 = Debug|Any CPU
		{65EC0989-AD1D-4CC3-8927-32857E45CACF}.Debug|x86.ActiveCfg = Debug|Any CPU
		{65EC0989-AD1D-4CC3-8927-32857E45CACF}.Debug|x86.Build.0 = Debug|Any CPU
		{65EC0989-AD1D-4CC3-8927-32857E45CACF}.Release|Any CPU.ActiveCfg = Release|Any CPU
		{65EC0989-AD1D-4CC3-8927-32857E45CACF}.Release|Any CPU.Build.0 = Release|Any CPU
		{65EC0989-AD1D-4CC3-8927-32857E45CACF}.Release|x64.ActiveCfg = Release|Any CPU
		{65EC0989-AD1D-4CC3-8927-32857E45CACF}.Release|x64.Build.0 = Release|Any CPU
		{65EC0989-AD1D-4CC3-8927-32857E45CACF}.Release|x86.ActiveCfg = Release|Any CPU
		{65EC0989-AD1D-4CC3-8927-32857E45CACF}.Release|x86.Build.0 = Release|Any CPU
		{623DB67A-3C67-4A2F-B866-D9871AB0356E}.Debug|Any CPU.ActiveCfg = Debug|Any CPU
		{623DB67A-3C67-4A2F-B866-D9871AB0356E}.Debug|Any CPU.Build.0 = Debug|Any CPU
		{623DB67A-3C67-4A2F-B866-D9871AB0356E}.Debug|x64.ActiveCfg = Debug|Any CPU
		{623DB67A-3C67-4A2F-B866-D9871AB0356E}.Debug|x64.Build.0 = Debug|Any CPU
		{623DB67A-3C67-4A2F-B866-D9871AB0356E}.Debug|x86.ActiveCfg = Debug|Any CPU
		{623DB67A-3C67-4A2F-B866-D9871AB0356E}.Debug|x86.Build.0 = Debug|Any CPU
		{623DB67A-3C67-4A2F-B866-D9871AB0356E}.Release|Any CPU.ActiveCfg = Release|Any CPU
		{623DB67A-3C67-4A2F-B866-D9871AB0356E}.Release|Any CPU.Build.0 = Release|Any CPU
		{623DB67A-3C67-4A2F-B866-D9871AB0356E}.Release|x64.ActiveCfg = Release|Any CPU
		{623DB67A-3C67-4A2F-B866-D9871AB0356E}.Release|x64.Build.0 = Release|Any CPU
		{623DB67A-3C67-4A2F-B866-D9871AB0356E}.Release|x86.ActiveCfg = Release|Any CPU
		{623DB67A-3C67-4A2F-B866-D9871AB0356E}.Release|x86.Build.0 = Release|Any CPU
	EndGlobalSection
	GlobalSection(SolutionProperties) = preSolution
		HideSolutionNode = FALSE
	EndGlobalSection
	GlobalSection(NestedProjects) = preSolution
		{B514ADE8-6706-46EB-8710-1DEB16026610} = {92BE4C6D-C2BB-4E4E-B01C-375A60327CAF}
		{88B818F4-9672-4839-955F-A369B592F995} = {92BE4C6D-C2BB-4E4E-B01C-375A60327CAF}
		{F22543E2-8F4F-4A06-8B97-C9A887A696E3} = {92BE4C6D-C2BB-4E4E-B01C-375A60327CAF}
		{65EC0989-AD1D-4CC3-8927-32857E45CACF} = {92BE4C6D-C2BB-4E4E-B01C-375A60327CAF}
		{623DB67A-3C67-4A2F-B866-D9871AB0356E} = {92BE4C6D-C2BB-4E4E-B01C-375A60327CAF}
	EndGlobalSection
	GlobalSection(ExtensibilityGlobals) = postSolution
		SolutionGuid = {998172AC-41C8-4E27-80F5-8AC648301930}
	EndGlobalSection
EndGlobal
